<?xml version="1.0" encoding="utf-8"?>
<Project ToolsVersion="4.0" xmlns="http://schemas.microsoft.com/developer/msbuild/2003">
  <ItemGroup>
    <ClCompile Include="src\ofApp.cpp">
      <Filter>src</Filter>
    </ClCompile>
    <ClCompile Include="src\main.cpp">
      <Filter>src</Filter>
    </ClCompile>
    <ClCompile Include="..\..\..\addons\ofxGui\src\ofxBaseGui.cpp">
      <Filter>addons\ofxGui\src</Filter>
    </ClCompile>
    <ClCompile Include="..\..\..\addons\ofxGui\src\ofxButton.cpp">
      <Filter>addons\ofxGui\src</Filter>
    </ClCompile>
    <ClCompile Include="..\..\..\addons\ofxGui\src\ofxColorPicker.cpp">
      <Filter>addons\ofxGui\src</Filter>
    </ClCompile>
    <ClCompile Include="..\..\..\addons\ofxGui\src\ofxGuiGroup.cpp">
      <Filter>addons\ofxGui\src</Filter>
    </ClCompile>
    <ClCompile Include="..\..\..\addons\ofxGui\src\ofxInputField.cpp">
      <Filter>addons\ofxGui\src</Filter>
    </ClCompile>
    <ClCompile Include="..\..\..\addons\ofxGui\src\ofxLabel.cpp">
      <Filter>addons\ofxGui\src</Filter>
    </ClCompile>
    <ClCompile Include="..\..\..\addons\ofxGui\src\ofxPanel.cpp">
      <Filter>addons\ofxGui\src</Filter>
    </ClCompile>
    <ClCompile Include="..\..\..\addons\ofxGui\src\ofxSlider.cpp">
      <Filter>addons\ofxGui\src</Filter>
    </ClCompile>
    <ClCompile Include="..\..\..\addons\ofxGui\src\ofxSliderGroup.cpp">
      <Filter>addons\ofxGui\src</Filter>
    </ClCompile>
    <ClCompile Include="..\..\..\addons\ofxGui\src\ofxToggle.cpp">
      <Filter>addons\ofxGui\src</Filter>
    </ClCompile>
    <ClCompile Include="..\..\..\addons\ofxImGui\src\BaseEngine.cpp">
      <Filter>addons\ofxImGui\src</Filter>
    </ClCompile>
    <ClCompile Include="..\..\..\addons\ofxImGui\src\DefaultTheme.cpp">
      <Filter>addons\ofxImGui\src</Filter>
    </ClCompile>
    <ClCompile Include="..\..\..\addons\ofxImGui\src\EngineGLFW.cpp">
      <Filter>addons\ofxImGui\src</Filter>
    </ClCompile>
    <ClCompile Include="..\..\..\addons\ofxImGui\src\EngineOpenFrameworks.cpp">
      <Filter>addons\ofxImGui\src</Filter>
    </ClCompile>
    <ClCompile Include="..\..\..\addons\ofxImGui\src\EngineOpenGLES.cpp">
      <Filter>addons\ofxImGui\src</Filter>
    </ClCompile>
    <ClCompile Include="..\..\..\addons\ofxImGui\src\Gui.cpp">
      <Filter>addons\ofxImGui\src</Filter>
    </ClCompile>
    <ClCompile Include="..\..\..\addons\ofxImGui\src\ImHelpers.cpp">
      <Filter>addons\ofxImGui\src</Filter>
    </ClCompile>
    <ClCompile Include="..\..\..\addons\ofxImGui\src\ofxImGuiLoggerChannel.cpp">
      <Filter>addons\ofxImGui\src</Filter>
    </ClCompile>
    <ClCompile Include="..\..\..\addons\ofxImGui\libs\imgui\backends\imgui_impl_glfw.cpp">
      <Filter>addons\ofxImGui\libs\imgui\backends</Filter>
    </ClCompile>
    <ClCompile Include="..\..\..\addons\ofxImGui\libs\imgui\backends\imgui_impl_glfw_context_support.cpp">
      <Filter>addons\ofxImGui\libs\imgui\backends</Filter>
    </ClCompile>
    <ClCompile Include="..\..\..\addons\ofxImGui\libs\imgui\backends\imgui_impl_opengl2.cpp">
      <Filter>addons\ofxImGui\libs\imgui\backends</Filter>
    </ClCompile>
    <ClCompile Include="..\..\..\addons\ofxImGui\libs\imgui\backends\imgui_impl_opengl3.cpp">
      <Filter>addons\ofxImGui\libs\imgui\backends</Filter>
    </ClCompile>
    <ClCompile Include="..\..\..\addons\ofxImGui\libs\imgui\extras\imgui_stdlib.cpp">
      <Filter>addons\ofxImGui\libs\imgui\extras</Filter>
    </ClCompile>
    <ClCompile Include="..\..\..\addons\ofxImGui\libs\imgui\src\imgui.cpp">
      <Filter>addons\ofxImGui\libs\imgui\src</Filter>
    </ClCompile>
    <ClCompile Include="..\..\..\addons\ofxImGui\libs\imgui\src\imgui_demo.cpp">
      <Filter>addons\ofxImGui\libs\imgui\src</Filter>
    </ClCompile>
    <ClCompile Include="..\..\..\addons\ofxImGui\libs\imgui\src\imgui_draw.cpp">
      <Filter>addons\ofxImGui\libs\imgui\src</Filter>
    </ClCompile>
    <ClCompile Include="..\..\..\addons\ofxImGui\libs\imgui\src\imgui_tables.cpp">
      <Filter>addons\ofxImGui\libs\imgui\src</Filter>
    </ClCompile>
    <ClCompile Include="..\..\..\addons\ofxImGui\libs\imgui\src\imgui_widgets.cpp">
      <Filter>addons\ofxImGui\libs\imgui\src</Filter>
    </ClCompile>
    <ClCompile Include="fjord.cpp" />
    <ClCompile Include="noise.cpp" />
    <ClCompile Include="render.cpp" />
    <ClCompile Include="generator.cpp" />
  </ItemGroup>
  <ItemGroup>
    <Filter Include="src">
      <UniqueIdentifier>{d8376475-7454-4a24-b08a-aac121d3ad6f}</UniqueIdentifier>
    </Filter>
    <Filter Include="addons">
      <UniqueIdentifier>{B5CA6AB2--307-4-4A-14-A-DAB-A977438785F1}</UniqueIdentifier>
    </Filter>
    <Filter Include="addons\ofxGui">
      <UniqueIdentifier>{32DA88DB--0AF-F-47-BB-A-B3B-F6EA71CC49D4}</UniqueIdentifier>
    </Filter>
    <Filter Include="addons\ofxGui\src">
      <UniqueIdentifier>{5075864E--9DC-E-48-6C-B-B8F-E3A9CE747006}</UniqueIdentifier>
    </Filter>
    <Filter Include="addons\ofxImGui">
      <UniqueIdentifier>{C3209F42--08E-0-43-18-8-99D-CECA126F60E6}</UniqueIdentifier>
    </Filter>
    <Filter Include="addons\ofxImGui\src">
      <UniqueIdentifier>{60F82EBB--85F-6-4F-A7-A-EE4-0B4FD860397A}</UniqueIdentifier>
    </Filter>
    <Filter Include="addons\ofxImGui\libs">
      <UniqueIdentifier>{84A29DEB--7E5-2-46-FF-A-35C-EF474F335188}</UniqueIdentifier>
    </Filter>
    <Filter Include="addons\ofxImGui\libs\imgui">
      <UniqueIdentifier>{05184245--835-1-44-C7-8-FEA-4DCE2234E529}</UniqueIdentifier>
    </Filter>
    <Filter Include="addons\ofxImGui\libs\imgui\backends">
      <UniqueIdentifier>{DC569301--2F2-E-44-ED-9-977-0CC379AAE22E}</UniqueIdentifier>
    </Filter>
    <Filter Include="addons\ofxImGui\libs\imgui\extras">
      <UniqueIdentifier>{95F15157--363-2-43-94-8-B81-9F244B7D6422}</UniqueIdentifier>
    </Filter>
    <Filter Include="addons\ofxImGui\libs\imgui\src">
      <UniqueIdentifier>{04B1A296--90F-3-4F-41-B-1FF-1E3F643B6B6E}</UniqueIdentifier>
    </Filter>
  </ItemGroup>
  <ItemGroup>
    <ClInclude Include="src\ofApp.h">
      <Filter>src</Filter>
    </ClInclude>
    <ClInclude Include="..\..\..\addons\ofxGui\src\ofxBaseGui.h">
      <Filter>addons\ofxGui\src</Filter>
    </ClInclude>
    <ClInclude Include="..\..\..\addons\ofxGui\src\ofxButton.h">
      <Filter>addons\ofxGui\src</Filter>
    </ClInclude>
    <ClInclude Include="..\..\..\addons\ofxGui\src\ofxColorPicker.h">
      <Filter>addons\ofxGui\src</Filter>
    </ClInclude>
    <ClInclude Include="..\..\..\addons\ofxGui\src\ofxGui.h">
      <Filter>addons\ofxGui\src</Filter>
    </ClInclude>
    <ClInclude Include="..\..\..\addons\ofxGui\src\ofxGuiGroup.h">
      <Filter>addons\ofxGui\src</Filter>
    </ClInclude>
    <ClInclude Include="..\..\..\addons\ofxGui\src\ofxGuiUtils.h">
      <Filter>addons\ofxGui\src</Filter>
    </ClInclude>
    <ClInclude Include="..\..\..\addons\ofxGui\src\ofxInputField.h">
      <Filter>addons\ofxGui\src</Filter>
    </ClInclude>
    <ClInclude Include="..\..\..\addons\ofxGui\src\ofxLabel.h">
      <Filter>addons\ofxGui\src</Filter>
    </ClInclude>
    <ClInclude Include="..\..\..\addons\ofxGui\src\ofxPanel.h">
      <Filter>addons\ofxGui\src</Filter>
    </ClInclude>
    <ClInclude Include="..\..\..\addons\ofxGui\src\ofxSlider.h">
      <Filter>addons\ofxGui\src</Filter>
    </ClInclude>
    <ClInclude Include="..\..\..\addons\ofxGui\src\ofxSliderGroup.h">
      <Filter>addons\ofxGui\src</Filter>
    </ClInclude>
    <ClInclude Include="..\..\..\addons\ofxGui\src\ofxToggle.h">
      <Filter>addons\ofxGui\src</Filter>
    </ClInclude>
    <ClInclude Include="..\..\..\addons\ofxImGui\src\BaseEngine.h">
      <Filter>addons\ofxImGui\src</Filter>
    </ClInclude>
    <ClInclude Include="..\..\..\addons\ofxImGui\src\BaseTheme.h">
      <Filter>addons\ofxImGui\src</Filter>
    </ClInclude>
    <ClInclude Include="..\..\..\addons\ofxImGui\src\DefaultTheme.h">
      <Filter>addons\ofxImGui\src</Filter>
    </ClInclude>
    <ClInclude Include="..\..\..\addons\ofxImGui\src\EngineGLFW.h">
      <Filter>addons\ofxImGui\src</Filter>
    </ClInclude>
    <ClInclude Include="..\..\..\addons\ofxImGui\src\EngineOpenFrameworks.h">
      <Filter>addons\ofxImGui\src</Filter>
    </ClInclude>
    <ClInclude Include="..\..\..\addons\ofxImGui\src\EngineOpenGLES.h">
      <Filter>addons\ofxImGui\src</Filter>
    </ClInclude>
    <ClInclude Include="..\..\..\addons\ofxImGui\src\EngineVk.h">
      <Filter>addons\ofxImGui\src</Filter>
    </ClInclude>
    <ClInclude Include="..\..\..\addons\ofxImGui\src\gles1CompatibilityHacks.h">
      <Filter>addons\ofxImGui\src</Filter>
    </ClInclude>
    <ClInclude Include="..\..\..\addons\ofxImGui\src\glfwCompatibilityHacks.h">
      <Filter>addons\ofxImGui\src</Filter>
    </ClInclude>
    <ClInclude Include="..\..\..\addons\ofxImGui\src\Gui.h">
      <Filter>addons\ofxImGui\src</Filter>
    </ClInclude>
    <ClInclude Include="..\..\..\addons\ofxImGui\src\imconfig.h">
      <Filter>addons\ofxImGui\src</Filter>
    </ClInclude>
    <ClInclude Include="..\..\..\addons\ofxImGui\src\ImHelpers.h">
      <Filter>addons\ofxImGui\src</Filter>
    </ClInclude>
    <ClInclude Include="..\..\..\addons\ofxImGui\src\LinkedList.hpp">
      <Filter>addons\ofxImGui\src</Filter>
    </ClInclude>
    <ClInclude Include="..\..\..\addons\ofxImGui\src\ofxImGui.h">
      <Filter>addons\ofxImGui\src</Filter>
    </ClInclude>
    <ClInclude Include="..\..\..\addons\ofxImGui\src\ofxImGuiConstants.h">
      <Filter>addons\ofxImGui\src</Filter>
    </ClInclude>
    <ClInclude Include="..\..\..\addons\ofxImGui\src\ofxImGuiLoggerChannel.h">
      <Filter>addons\ofxImGui\src</Filter>
    </ClInclude>
    <ClInclude Include="..\..\..\addons\ofxImGui\libs\imgui\backends\imgui_impl_glfw.h">
      <Filter>addons\ofxImGui\libs\imgui\backends</Filter>
    </ClInclude>
    <ClInclude Include="..\..\..\addons\ofxImGui\libs\imgui\backends\imgui_impl_glfw_arc_support.h">
      <Filter>addons\ofxImGui\libs\imgui\backends</Filter>
    </ClInclude>
    <ClInclude Include="..\..\..\addons\ofxImGui\libs\imgui\backends\imgui_impl_glfw_context_support.h">
      <Filter>addons\ofxImGui\libs\imgui\backends</Filter>
    </ClInclude>
    <ClInclude Include="..\..\..\addons\ofxImGui\libs\imgui\backends\imgui_impl_opengl2.h">
      <Filter>addons\ofxImGui\libs\imgui\backends</Filter>
    </ClInclude>
    <ClInclude Include="..\..\..\addons\ofxImGui\libs\imgui\backends\imgui_impl_opengl3.h">
      <Filter>addons\ofxImGui\libs\imgui\backends</Filter>
    </ClInclude>
    <ClInclude Include="..\..\..\addons\ofxImGui\libs\imgui\backends\imgui_impl_opengl3_loader.h">
      <Filter>addons\ofxImGui\libs\imgui\backends</Filter>
    </ClInclude>
    <ClInclude Include="..\..\..\addons\ofxImGui\libs\imgui\extras\imgui_stdlib.h">
      <Filter>addons\ofxImGui\libs\imgui\extras</Filter>
    </ClInclude>
    <ClInclude Include="..\..\..\addons\ofxImGui\libs\imgui\src\imgui.h">
      <Filter>addons\ofxImGui\libs\imgui\src</Filter>
    </ClInclude>
    <ClInclude Include="..\..\..\addons\ofxImGui\libs\imgui\src\imgui_internal.h">
      <Filter>addons\ofxImGui\libs\imgui\src</Filter>
    </ClInclude>
    <ClInclude Include="..\..\..\addons\ofxImGui\libs\imgui\src\imstb_rectpack.h">
      <Filter>addons\ofxImGui\libs\imgui\src</Filter>
    </ClInclude>
    <ClInclude Include="..\..\..\addons\ofxImGui\libs\imgui\src\imstb_textedit.h">
      <Filter>addons\ofxImGui\libs\imgui\src</Filter>
    </ClInclude>
    <ClInclude Include="..\..\..\addons\ofxImGui\libs\imgui\src\imstb_truetype.h">
      <Filter>addons\ofxImGui\libs\imgui\src</Filter>
    </ClInclude>
    <ClInclude Include="fjord.h" />
    <ClInclude Include="noise.h" />
    <ClInclude Include="render.h" />
    <ClInclude Include="generator.h" />
  </ItemGroup>
  <ItemGroup>
    <ResourceCompile Include="icon.rc" />
  </ItemGroup>
</Project>